// !$*UTF8*$!
{
	archiveVersion = 1;
	classes = {
	};
	objectVersion = 56;
	objects = {

/* Begin PBXBuildFile section */
		A00100000000000000000001 /* PhotoGratitudeJournalApp.swift in Sources */ = {isa = PBXBuildFile; fileRef = A00200000000000000000001 /* PhotoGratitudeJournalApp.swift */; };
		A00100000000000000000002 /* AppModelContainer.swift in Sources */ = {isa = PBXBuildFile; fileRef = A00200000000000000000002 /* AppModelContainer.swift */; };
		A00100000000000000000003 /* AppTab.swift in Sources */ = {isa = PBXBuildFile; fileRef = A00200000000000000000003 /* AppTab.swift */; };
		A00100000000000000000004 /* RootAppView.swift in Sources */ = {isa = PBXBuildFile; fileRef = A00200000000000000000004 /* RootAppView.swift */; };
		A00100000000000000000005 /* RouterPath.swift in Sources */ = {isa = PBXBuildFile; fileRef = A00200000000000000000005 /* RouterPath.swift */; };
		A00100000000000000000006 /* Theme.swift in Sources */ = {isa = PBXBuildFile; fileRef = A00200000000000000000006 /* Theme.swift */; };
		A00100000000000000000007 /* JournalModels.swift in Sources */ = {isa = PBXBuildFile; fileRef = A00200000000000000000007 /* JournalModels.swift */; };
		A00100000000000000000008 /* JournalTypes.swift in Sources */ = {isa = PBXBuildFile; fileRef = A00200000000000000000008 /* JournalTypes.swift */; };
		A00100000000000000000009 /* EntryCompletion.swift in Sources */ = {isa = PBXBuildFile; fileRef = A00200000000000000000009 /* EntryCompletion.swift */; };
		A0010000000000000000000A /* JournalStore.swift in Sources */ = {isa = PBXBuildFile; fileRef = A0020000000000000000000A /* JournalStore.swift */; };
		A0010000000000000000000B /* MemoryLane.swift in Sources */ = {isa = PBXBuildFile; fileRef = A0020000000000000000000B /* MemoryLane.swift */; };
		A0010000000000000000000C /* StreakCalculator.swift in Sources */ = {isa = PBXBuildFile; fileRef = A0020000000000000000000C /* StreakCalculator.swift */; };
		A0010000000000000000000D /* PromptSeeder.swift in Sources */ = {isa = PBXBuildFile; fileRef = A0020000000000000000000D /* PromptSeeder.swift */; };
		A0010000000000000000000E /* PhotoStore.swift in Sources */ = {isa = PBXBuildFile; fileRef = A0020000000000000000000E /* PhotoStore.swift */; };
		A001000000000000000000FE /* Persistence.swift in Sources */ = {isa = PBXBuildFile; fileRef = A002000000000000000000FE /* Persistence.swift */; };
		A0010000000000000000000F /* ReminderScheduler.swift in Sources */ = {isa = PBXBuildFile; fileRef = A0020000000000000000000F /* ReminderScheduler.swift */; };
		A00100000000000000000010 /* EntitlementService.swift in Sources */ = {isa = PBXBuildFile; fileRef = A00200000000000000000010 /* EntitlementService.swift */; };
		A00100000000000000000011 /* PrivacyLockService.swift in Sources */ = {isa = PBXBuildFile; fileRef = A00200000000000000000011 /* PrivacyLockService.swift */; };
		A0010000000000000000001F /* ExportService.swift in Sources */ = {isa = PBXBuildFile; fileRef = A00200000000000000000023 /* ExportService.swift */; };
		A00100000000000000000012 /* Components.swift in Sources */ = {isa = PBXBuildFile; fileRef = A00200000000000000000012 /* Components.swift */; };
		A00100000000000000000013 /* TodayView.swift in Sources */ = {isa = PBXBuildFile; fileRef = A00200000000000000000013 /* TodayView.swift */; };
		A00100000000000000000014 /* PhotoViews.swift in Sources */ = {isa = PBXBuildFile; fileRef = A00200000000000000000014 /* PhotoViews.swift */; };
		A00100000000000000000015 /* MemoryLaneView.swift in Sources */ = {isa = PBXBuildFile; fileRef = A00200000000000000000015 /* MemoryLaneView.swift */; };
		A00100000000000000000016 /* MemoriesView.swift in Sources */ = {isa = PBXBuildFile; fileRef = A00200000000000000000016 /* MemoriesView.swift */; };
		A00100000000000000000017 /* CalendarView.swift in Sources */ = {isa = PBXBuildFile; fileRef = A00200000000000000000017 /* CalendarView.swift */; };
		A00100000000000000000018 /* InsightsView.swift in Sources */ = {isa = PBXBuildFile; fileRef = A00200000000000000000018 /* InsightsView.swift */; };
		A00100000000000000000019 /* SettingsView.swift in Sources */ = {isa = PBXBuildFile; fileRef = A00200000000000000000019 /* SettingsView.swift */; };
		A0010000000000000000001A /* PromptEditorView.swift in Sources */ = {isa = PBXBuildFile; fileRef = A0020000000000000000001A /* PromptEditorView.swift */; };
		A0010000000000000000001B /* EntryDetailView.swift in Sources */ = {isa = PBXBuildFile; fileRef = A0020000000000000000001B /* EntryDetailView.swift */; };
		A0010000000000000000001C /* PaywallView.swift in Sources */ = {isa = PBXBuildFile; fileRef = A0020000000000000000001C /* PaywallView.swift */; };
		A0010000000000000000001D /* Assets.xcassets in Resources */ = {isa = PBXBuildFile; fileRef = A0020000000000000000001D /* Assets.xcassets */; };
		A0010000000000000000001E /* JournalLogicTests.swift in Sources */ = {isa = PBXBuildFile; fileRef = A0020000000000000000001E /* JournalLogicTests.swift */; };
		A00100000000000000000020 /* JournalDesignComponents.swift in Sources */ = {isa = PBXBuildFile; fileRef = A00200000000000000000024 /* JournalDesignComponents.swift */; };
		A00100000000000000000021 /* JournalPreviewFixtures.swift in Sources */ = {isa = PBXBuildFile; fileRef = A00200000000000000000025 /* JournalPreviewFixtures.swift */; };
		A00100000000000000000022 /* JournalSchema.swift in Sources */ = {isa = PBXBuildFile; fileRef = A00200000000000000000026 /* JournalSchema.swift */; };
		A00100000000000000000023 /* SpecConformanceTests.swift in Sources */ = {isa = PBXBuildFile; fileRef = A00200000000000000000027 /* SpecConformanceTests.swift */; };
		A00100000000000000000024 /* completion.json in Resources */ = {isa = PBXBuildFile; fileRef = A00200000000000000000028 /* completion.json */; };
		A00100000000000000000025 /* streak.json in Resources */ = {isa = PBXBuildFile; fileRef = A00200000000000000000029 /* streak.json */; };
		A00100000000000000000026 /* memory-lane.json in Resources */ = {isa = PBXBuildFile; fileRef = A0020000000000000000002A /* memory-lane.json */; };
		A00100000000000000000027 /* experience-mode.json in Resources */ = {isa = PBXBuildFile; fileRef = A0020000000000000000002B /* experience-mode.json */; };
		A00100000000000000000028 /* ExperienceMode.swift in Sources */ = {isa = PBXBuildFile; fileRef = A0020000000000000000002C /* ExperienceMode.swift */; };
		A00100000000000000000029 /* GratitudeGuide.swift in Sources */ = {isa = PBXBuildFile; fileRef = A0020000000000000000002D /* GratitudeGuide.swift */; };
		A0010000000000000000002A /* EarlyMemoryLane.swift in Sources */ = {isa = PBXBuildFile; fileRef = A0020000000000000000002E /* EarlyMemoryLane.swift */; };
		A0010000000000000000002B /* FirstMemoryCelebration.swift in Sources */ = {isa = PBXBuildFile; fileRef = A0020000000000000000002F /* FirstMemoryCelebration.swift */; };
/* End PBXBuildFile section */

/* Begin PBXContainerItemProxy section */
		A00300000000000000000001 /* PBXContainerItemProxy */ = {
			isa = PBXContainerItemProxy;
			containerPortal = A00400000000000000000001 /* Project object */;
			proxyType = 1;
			remoteGlobalIDString = A00500000000000000000001;
			remoteInfo = PhotoGratitudeJournal;
		};
/* End PBXContainerItemProxy section */

/* Begin PBXFileReference section */
		A00200000000000000000001 /* PhotoGratitudeJournalApp.swift */ = {isa = PBXFileReference; lastKnownFileType = sourcecode.swift; path = PhotoGratitudeJournalApp.swift; sourceTree = "<group>"; };
		A00200000000000000000002 /* AppModelContainer.swift */ = {isa = PBXFileReference; lastKnownFileType = sourcecode.swift; path = AppModelContainer.swift; sourceTree = "<group>"; };
		A00200000000000000000003 /* AppTab.swift */ = {isa = PBXFileReference; lastKnownFileType = sourcecode.swift; path = AppTab.swift; sourceTree = "<group>"; };
		A00200000000000000000004 /* RootAppView.swift */ = {isa = PBXFileReference; lastKnownFileType = sourcecode.swift; path = RootAppView.swift; sourceTree = "<group>"; };
		A00200000000000000000005 /* RouterPath.swift */ = {isa = PBXFileReference; lastKnownFileType = sourcecode.swift; path = RouterPath.swift; sourceTree = "<group>"; };
		A00200000000000000000006 /* Theme.swift */ = {isa = PBXFileReference; lastKnownFileType = sourcecode.swift; path = Theme.swift; sourceTree = "<group>"; };
		A00200000000000000000007 /* JournalModels.swift */ = {isa = PBXFileReference; lastKnownFileType = sourcecode.swift; path = JournalModels.swift; sourceTree = "<group>"; };
		A00200000000000000000008 /* JournalTypes.swift */ = {isa = PBXFileReference; lastKnownFileType = sourcecode.swift; path = JournalTypes.swift; sourceTree = "<group>"; };
		A00200000000000000000009 /* EntryCompletion.swift */ = {isa = PBXFileReference; lastKnownFileType = sourcecode.swift; path = EntryCompletion.swift; sourceTree = "<group>"; };
		A0020000000000000000000A /* JournalStore.swift */ = {isa = PBXFileReference; lastKnownFileType = sourcecode.swift; path = JournalStore.swift; sourceTree = "<group>"; };
		A0020000000000000000000B /* MemoryLane.swift */ = {isa = PBXFileReference; lastKnownFileType = sourcecode.swift; path = MemoryLane.swift; sourceTree = "<group>"; };
		A0020000000000000000000C /* StreakCalculator.swift */ = {isa = PBXFileReference; lastKnownFileType = sourcecode.swift; path = StreakCalculator.swift; sourceTree = "<group>"; };
		A0020000000000000000000D /* PromptSeeder.swift */ = {isa = PBXFileReference; lastKnownFileType = sourcecode.swift; path = PromptSeeder.swift; sourceTree = "<group>"; };
		A0020000000000000000000E /* PhotoStore.swift */ = {isa = PBXFileReference; lastKnownFileType = sourcecode.swift; path = PhotoStore.swift; sourceTree = "<group>"; };
		A002000000000000000000FE /* Persistence.swift */ = {isa = PBXFileReference; lastKnownFileType = sourcecode.swift; path = Persistence.swift; sourceTree = "<group>"; };
		A0020000000000000000000F /* ReminderScheduler.swift */ = {isa = PBXFileReference; lastKnownFileType = sourcecode.swift; path = ReminderScheduler.swift; sourceTree = "<group>"; };
		A00200000000000000000010 /* EntitlementService.swift */ = {isa = PBXFileReference; lastKnownFileType = sourcecode.swift; path = EntitlementService.swift; sourceTree = "<group>"; };
		A00200000000000000000011 /* PrivacyLockService.swift */ = {isa = PBXFileReference; lastKnownFileType = sourcecode.swift; path = PrivacyLockService.swift; sourceTree = "<group>"; };
		A00200000000000000000012 /* Components.swift */ = {isa = PBXFileReference; lastKnownFileType = sourcecode.swift; path = Components.swift; sourceTree = "<group>"; };
		A00200000000000000000013 /* TodayView.swift */ = {isa = PBXFileReference; lastKnownFileType = sourcecode.swift; path = TodayView.swift; sourceTree = "<group>"; };
		A00200000000000000000014 /* PhotoViews.swift */ = {isa = PBXFileReference; lastKnownFileType = sourcecode.swift; path = PhotoViews.swift; sourceTree = "<group>"; };
		A00200000000000000000015 /* MemoryLaneView.swift */ = {isa = PBXFileReference; lastKnownFileType = sourcecode.swift; path = MemoryLaneView.swift; sourceTree = "<group>"; };
		A00200000000000000000016 /* MemoriesView.swift */ = {isa = PBXFileReference; lastKnownFileType = sourcecode.swift; path = MemoriesView.swift; sourceTree = "<group>"; };
		A00200000000000000000017 /* CalendarView.swift */ = {isa = PBXFileReference; lastKnownFileType = sourcecode.swift; path = CalendarView.swift; sourceTree = "<group>"; };
		A00200000000000000000018 /* InsightsView.swift */ = {isa = PBXFileReference; lastKnownFileType = sourcecode.swift; path = InsightsView.swift; sourceTree = "<group>"; };
		A00200000000000000000019 /* SettingsView.swift */ = {isa = PBXFileReference; lastKnownFileType = sourcecode.swift; path = SettingsView.swift; sourceTree = "<group>"; };
		A0020000000000000000001A /* PromptEditorView.swift */ = {isa = PBXFileReference; lastKnownFileType = sourcecode.swift; path = PromptEditorView.swift; sourceTree = "<group>"; };
		A0020000000000000000001B /* EntryDetailView.swift */ = {isa = PBXFileReference; lastKnownFileType = sourcecode.swift; path = EntryDetailView.swift; sourceTree = "<group>"; };
		A0020000000000000000001C /* PaywallView.swift */ = {isa = PBXFileReference; lastKnownFileType = sourcecode.swift; path = PaywallView.swift; sourceTree = "<group>"; };
		A0020000000000000000001D /* Assets.xcassets */ = {isa = PBXFileReference; lastKnownFileType = folder.assetcatalog; path = Assets.xcassets; sourceTree = "<group>"; };
		A0020000000000000000001E /* JournalLogicTests.swift */ = {isa = PBXFileReference; lastKnownFileType = sourcecode.swift; path = JournalLogicTests.swift; sourceTree = "<group>"; };
		A0020000000000000000001F /* Info.plist */ = {isa = PBXFileReference; lastKnownFileType = text.plist.xml; path = Info.plist; sourceTree = "<group>"; };
		A00200000000000000000020 /* PhotoGratitudeJournal.entitlements */ = {isa = PBXFileReference; lastKnownFileType = text.plist.entitlements; path = PhotoGratitudeJournal.entitlements; sourceTree = "<group>"; };
		A00200000000000000000021 /* PhotoGratitudeJournal.app */ = {isa = PBXFileReference; explicitFileType = wrapper.application; includeInIndex = 0; path = PhotoGratitudeJournal.app; sourceTree = BUILT_PRODUCTS_DIR; };
		A00200000000000000000022 /* PhotoGratitudeJournalTests.xctest */ = {isa = PBXFileReference; explicitFileType = wrapper.cfbundle; includeInIndex = 0; path = PhotoGratitudeJournalTests.xctest; sourceTree = BUILT_PRODUCTS_DIR; };
		A00200000000000000000023 /* ExportService.swift */ = {isa = PBXFileReference; lastKnownFileType = sourcecode.swift; path = ExportService.swift; sourceTree = "<group>"; };
		A00200000000000000000024 /* JournalDesignComponents.swift */ = {isa = PBXFileReference; lastKnownFileType = sourcecode.swift; path = JournalDesignComponents.swift; sourceTree = "<group>"; };
		A00200000000000000000025 /* JournalPreviewFixtures.swift */ = {isa = PBXFileReference; lastKnownFileType = sourcecode.swift; path = JournalPreviewFixtures.swift; sourceTree = "<group>"; };
		A00200000000000000000026 /* JournalSchema.swift */ = {isa = PBXFileReference; lastKnownFileType = sourcecode.swift; path = JournalSchema.swift; sourceTree = "<group>"; };
		A00200000000000000000027 /* SpecConformanceTests.swift */ = {isa = PBXFileReference; lastKnownFileType = sourcecode.swift; path = SpecConformanceTests.swift; sourceTree = "<group>"; };
		A00200000000000000000028 /* completion.json */ = {isa = PBXFileReference; lastKnownFileType = text.json; path = completion.json; sourceTree = "<group>"; };
		A00200000000000000000029 /* streak.json */ = {isa = PBXFileReference; lastKnownFileType = text.json; path = streak.json; sourceTree = "<group>"; };
		A0020000000000000000002A /* memory-lane.json */ = {isa = PBXFileReference; lastKnownFileType = text.json; path = "memory-lane.json"; sourceTree = "<group>"; };
		A0020000000000000000002B /* experience-mode.json */ = {isa = PBXFileReference; lastKnownFileType = text.json; path = "experience-mode.json"; sourceTree = "<group>"; };
		A0020000000000000000002C /* ExperienceMode.swift */ = {isa = PBXFileReference; lastKnownFileType = sourcecode.swift; path = ExperienceMode.swift; sourceTree = "<group>"; };
		A0020000000000000000002D /* GratitudeGuide.swift */ = {isa = PBXFileReference; lastKnownFileType = sourcecode.swift; path = GratitudeGuide.swift; sourceTree = "<group>"; };
		A0020000000000000000002E /* EarlyMemoryLane.swift */ = {isa = PBXFileReference; lastKnownFileType = sourcecode.swift; path = EarlyMemoryLane.swift; sourceTree = "<group>"; };
		A0020000000000000000002F /* FirstMemoryCelebration.swift */ = {isa = PBXFileReference; lastKnownFileType = sourcecode.swift; path = FirstMemoryCelebration.swift; sourceTree = "<group>"; };
/* End PBXFileReference section */

/* Begin PBXFrameworksBuildPhase section */
		A00600000000000000000001 /* Frameworks */ = {isa = PBXFrameworksBuildPhase; buildActionMask = 2147483647; files = (); runOnlyForDeploymentPostprocessing = 0; };
		A00600000000000000000002 /* Frameworks */ = {isa = PBXFrameworksBuildPhase; buildActionMask = 2147483647; files = (); runOnlyForDeploymentPostprocessing = 0; };
/* End PBXFrameworksBuildPhase section */

/* Begin PBXGroup section */
		A00700000000000000000001 = {
			isa = PBXGroup;
			children = (
				A00700000000000000000002 /* PhotoGratitudeJournal */,
				A00700000000000000000008 /* PhotoGratitudeJournalTests */,
				A0070000000000000000000A /* SpecFixtures */,
				A00700000000000000000009 /* Products */,
			);
			sourceTree = "<group>";
		};
		A00700000000000000000002 /* PhotoGratitudeJournal */ = {
			isa = PBXGroup;
			children = (
				A00200000000000000000001 /* PhotoGratitudeJournalApp.swift */,
				A00700000000000000000003 /* App */,
				A00700000000000000000004 /* Models */,
				A00700000000000000000005 /* Services */,
				A00700000000000000000006 /* Views */,
				A00700000000000000000007 /* Resources */,
				A0020000000000000000001D /* Assets.xcassets */,
			);
			path = PhotoGratitudeJournal;
			sourceTree = "<group>";
		};
		A00700000000000000000003 /* App */ = {
			isa = PBXGroup;
			children = (
				A00200000000000000000002 /* AppModelContainer.swift */,
				A00200000000000000000003 /* AppTab.swift */,
				A00200000000000000000004 /* RootAppView.swift */,
				A00200000000000000000005 /* RouterPath.swift */,
				A00200000000000000000006 /* Theme.swift */,
			);
			path = App;
			sourceTree = "<group>";
		};
		A00700000000000000000004 /* Models */ = {
			isa = PBXGroup;
			children = (
				A00200000000000000000007 /* JournalModels.swift */,
				A00200000000000000000026 /* JournalSchema.swift */,
				A00200000000000000000008 /* JournalTypes.swift */,
			);
			path = Models;
			sourceTree = "<group>";
		};
		A00700000000000000000005 /* Services */ = {
			isa = PBXGroup;
			children = (
				A0020000000000000000002E /* EarlyMemoryLane.swift */,
				A00200000000000000000009 /* EntryCompletion.swift */,
				A0020000000000000000002C /* ExperienceMode.swift */,
				A0020000000000000000002F /* FirstMemoryCelebration.swift */,
				A0020000000000000000002D /* GratitudeGuide.swift */,
				A0020000000000000000000A /* JournalStore.swift */,
				A0020000000000000000000B /* MemoryLane.swift */,
				A0020000000000000000000C /* StreakCalculator.swift */,
				A0020000000000000000000D /* PromptSeeder.swift */,
				A0020000000000000000000E /* PhotoStore.swift */,
				A002000000000000000000FE /* Persistence.swift */,
				A0020000000000000000000F /* ReminderScheduler.swift */,
				A00200000000000000000010 /* EntitlementService.swift */,
				A00200000000000000000011 /* PrivacyLockService.swift */,
				A00200000000000000000023 /* ExportService.swift */,
			);
			path = Services;
			sourceTree = "<group>";
		};
		A00700000000000000000006 /* Views */ = {
			isa = PBXGroup;
			children = (
				A00200000000000000000012 /* Components.swift */,
				A00200000000000000000024 /* JournalDesignComponents.swift */,
				A00200000000000000000025 /* JournalPreviewFixtures.swift */,
				A00200000000000000000013 /* TodayView.swift */,
				A00200000000000000000014 /* PhotoViews.swift */,
				A00200000000000000000015 /* MemoryLaneView.swift */,
				A00200000000000000000016 /* MemoriesView.swift */,
				A00200000000000000000017 /* CalendarView.swift */,
				A00200000000000000000018 /* InsightsView.swift */,
				A00200000000000000000019 /* SettingsView.swift */,
				A0020000000000000000001A /* PromptEditorView.swift */,
				A0020000000000000000001B /* EntryDetailView.swift */,
				A0020000000000000000001C /* PaywallView.swift */,
			);
			path = Views;
			sourceTree = "<group>";
		};
		A00700000000000000000007 /* Resources */ = {
			isa = PBXGroup;
			children = (
				A0020000000000000000001F /* Info.plist */,
				A00200000000000000000020 /* PhotoGratitudeJournal.entitlements */,
			);
			path = Resources;
			sourceTree = "<group>";
		};
		A00700000000000000000008 /* PhotoGratitudeJournalTests */ = {
			isa = PBXGroup;
			children = (
				A0020000000000000000001E /* JournalLogicTests.swift */,
				A00200000000000000000027 /* SpecConformanceTests.swift */,
			);
			path = PhotoGratitudeJournalTests;
			sourceTree = "<group>";
		};
		A0070000000000000000000A /* SpecFixtures */ = {
			isa = PBXGroup;
			children = (
				A00200000000000000000028 /* completion.json */,
				A00200000000000000000029 /* streak.json */,
				A0020000000000000000002A /* memory-lane.json */,
				A0020000000000000000002B /* experience-mode.json */,
			);
			name = SpecFixtures;
			path = "spec/fixtures";
			sourceTree = "<group>";
		};
		A00700000000000000000009 /* Products */ = {
			isa = PBXGroup;
			children = (
				A00200000000000000000021 /* PhotoGratitudeJournal.app */,
				A00200000000000000000022 /* PhotoGratitudeJournalTests.xctest */,
			);
			name = Products;
			sourceTree = "<group>";
		};
/* End PBXGroup section */

/* Begin PBXNativeTarget section */
		A00500000000000000000001 /* PhotoGratitudeJournal */ = {
			isa = PBXNativeTarget;
			buildConfigurationList = A00800000000000000000001 /* Build configuration list for PBXNativeTarget "PhotoGratitudeJournal" */;
			buildPhases = (
				A00900000000000000000001 /* Sources */,
				A00600000000000000000001 /* Frameworks */,
				A00A00000000000000000001 /* Resources */,
			);
			buildRules = ();
			dependencies = ();
			name = PhotoGratitudeJournal;
			productName = PhotoGratitudeJournal;
			productReference = A00200000000000000000021 /* PhotoGratitudeJournal.app */;
			productType = "com.apple.product-type.application";
		};
		A00500000000000000000002 /* PhotoGratitudeJournalTests */ = {
			isa = PBXNativeTarget;
			buildConfigurationList = A00800000000000000000002 /* Build configuration list for PBXNativeTarget "PhotoGratitudeJournalTests" */;
			buildPhases = (
				A00900000000000000000002 /* Sources */,
				A00600000000000000000002 /* Frameworks */,
				A00A00000000000000000002 /* Resources */,
			);
			buildRules = ();
			dependencies = (
				A00B00000000000000000001 /* PBXTargetDependency */,
			);
			name = PhotoGratitudeJournalTests;
			productName = PhotoGratitudeJournalTests;
			productReference = A00200000000000000000022 /* PhotoGratitudeJournalTests.xctest */;
			productType = "com.apple.product-type.bundle.unit-test";
		};
/* End PBXNativeTarget section */

/* Begin PBXProject section */
		A00400000000000000000001 /* Project object */ = {
			isa = PBXProject;
			attributes = {
				BuildIndependentTargetsInParallel = 1;
				LastSwiftUpdateCheck = 1600;
				LastUpgradeCheck = 1600;
				TargetAttributes = {
					A00500000000000000000001 = {
						CreatedOnToolsVersion = 16.0;
					};
					A00500000000000000000002 = {
						CreatedOnToolsVersion = 16.0;
						TestTargetID = A00500000000000000000001;
					};
				};
			};
			buildConfigurationList = A00800000000000000000003 /* Build configuration list for PBXProject "PhotoGratitudeJournal" */;
			compatibilityVersion = "Xcode 14.0";
			developmentRegion = en;
			hasScannedForEncodings = 0;
			knownRegions = (
				en,
				Base,
			);
			mainGroup = A00700000000000000000001;
			productRefGroup = A00700000000000000000009 /* Products */;
			projectDirPath = "";
			projectRoot = "";
			targets = (
				A00500000000000000000001 /* PhotoGratitudeJournal */,
				A00500000000000000000002 /* PhotoGratitudeJournalTests */,
			);
		};
/* End PBXProject section */

/* Begin PBXResourcesBuildPhase section */
		A00A00000000000000000001 /* Resources */ = {
			isa = PBXResourcesBuildPhase;
			buildActionMask = 2147483647;
			files = (
				A0010000000000000000001D /* Assets.xcassets in Resources */,
			);
			runOnlyForDeploymentPostprocessing = 0;
		};
		A00A00000000000000000002 /* Resources */ = {
			isa = PBXResourcesBuildPhase;
			buildActionMask = 2147483647;
			files = (
				A00100000000000000000024 /* completion.json in Resources */,
				A00100000000000000000025 /* streak.json in Resources */,
				A00100000000000000000026 /* memory-lane.json in Resources */,
				A00100000000000000000027 /* experience-mode.json in Resources */,
			);
			runOnlyForDeploymentPostprocessing = 0;
		};
/* End PBXResourcesBuildPhase section */

/* Begin PBXSourcesBuildPhase section */
		A00900000000000000000001 /* Sources */ = {
			isa = PBXSourcesBuildPhase;
			buildActionMask = 2147483647;
			files = (
				A00100000000000000000001 /* PhotoGratitudeJournalApp.swift in Sources */,
				A00100000000000000000002 /* AppModelContainer.swift in Sources */,
				A00100000000000000000003 /* AppTab.swift in Sources */,
				A00100000000000000000004 /* RootAppView.swift in Sources */,
				A00100000000000000000005 /* RouterPath.swift in Sources */,
				A00100000000000000000006 /* Theme.swift in Sources */,
				A00100000000000000000007 /* JournalModels.swift in Sources */,
				A00100000000000000000022 /* JournalSchema.swift in Sources */,
				A00100000000000000000008 /* JournalTypes.swift in Sources */,
				A00100000000000000000009 /* EntryCompletion.swift in Sources */,
				A00100000000000000000028 /* ExperienceMode.swift in Sources */,
				A00100000000000000000029 /* GratitudeGuide.swift in Sources */,
				A0010000000000000000002A /* EarlyMemoryLane.swift in Sources */,
				A0010000000000000000002B /* FirstMemoryCelebration.swift in Sources */,
				A0010000000000000000000A /* JournalStore.swift in Sources */,
				A0010000000000000000000B /* MemoryLane.swift in Sources */,
				A0010000000000000000000C /* StreakCalculator.swift in Sources */,
				A0010000000000000000000D /* PromptSeeder.swift in Sources */,
				A0010000000000000000000E /* PhotoStore.swift in Sources */,
				A001000000000000000000FE /* Persistence.swift in Sources */,
				A0010000000000000000000F /* ReminderScheduler.swift in Sources */,
				A00100000000000000000010 /* EntitlementService.swift in Sources */,
				A00100000000000000000011 /* PrivacyLockService.swift in Sources */,
				A0010000000000000000001F /* ExportService.swift in Sources */,
				A00100000000000000000012 /* Components.swift in Sources */,
				A00100000000000000000020 /* JournalDesignComponents.swift in Sources */,
				A00100000000000000000021 /* JournalPreviewFixtures.swift in Sources */,
				A00100000000000000000013 /* TodayView.swift in Sources */,
				A00100000000000000000014 /* PhotoViews.swift in Sources */,
				A00100000000000000000015 /* MemoryLaneView.swift in Sources */,
				A00100000000000000000016 /* MemoriesView.swift in Sources */,
				A00100000000000000000017 /* CalendarView.swift in Sources */,
				A00100000000000000000018 /* InsightsView.swift in Sources */,
				A00100000000000000000019 /* SettingsView.swift in Sources */,
				A0010000000000000000001A /* PromptEditorView.swift in Sources */,
				A0010000000000000000001B /* EntryDetailView.swift in Sources */,
				A0010000000000000000001C /* PaywallView.swift in Sources */,
			);
			runOnlyForDeploymentPostprocessing = 0;
		};
		A00900000000000000000002 /* Sources */ = {
			isa = PBXSourcesBuildPhase;
			buildActionMask = 2147483647;
			files = (
				A0010000000000000000001E /* JournalLogicTests.swift in Sources */,
				A00100000000000000000023 /* SpecConformanceTests.swift in Sources */,
			);
			runOnlyForDeploymentPostprocessing = 0;
		};
/* End PBXSourcesBuildPhase section */

/* Begin PBXTargetDependency section */
		A00B00000000000000000001 /* PBXTargetDependency */ = {isa = PBXTargetDependency; target = A00500000000000000000001 /* PhotoGratitudeJournal */; targetProxy = A00300000000000000000001 /* PBXContainerItemProxy */; };
/* End PBXTargetDependency section */

/* Begin XCBuildConfiguration section */
		A00C00000000000000000001 /* Debug */ = {
			isa = XCBuildConfiguration;
			buildSettings = {
				CODE_SIGN_ENTITLEMENTS = PhotoGratitudeJournal/Resources/PhotoGratitudeJournal.entitlements;
				CODE_SIGN_STYLE = Automatic;
				CURRENT_PROJECT_VERSION = 2;
				DEVELOPMENT_TEAM = "";
				GENERATE_INFOPLIST_FILE = NO;
				INFOPLIST_FILE = PhotoGratitudeJournal/Resources/Info.plist;
				IPHONEOS_DEPLOYMENT_TARGET = 17.0;
				MARKETING_VERSION = 0.4.0;
				PRODUCT_BUNDLE_IDENTIFIER = com.guill.PhotoGratitudeJournal;
				PRODUCT_NAME = "$(TARGET_NAME)";
				SUPPORTED_PLATFORMS = "iphoneos iphonesimulator";
				SUPPORTS_MACCATALYST = NO;
				SWIFT_VERSION = 5.0;
				TARGETED_DEVICE_FAMILY = 1;
			};
			name = Debug;
		};
		A00C00000000000000000002 /* Release */ = {
			isa = XCBuildConfiguration;
			buildSettings = {
				CODE_SIGN_ENTITLEMENTS = PhotoGratitudeJournal/Resources/PhotoGratitudeJournal.entitlements;
				CODE_SIGN_STYLE = Automatic;
				CURRENT_PROJECT_VERSION = 2;
				DEVELOPMENT_TEAM = "";
				GENERATE_INFOPLIST_FILE = NO;
				INFOPLIST_FILE = PhotoGratitudeJournal/Resources/Info.plist;
				IPHONEOS_DEPLOYMENT_TARGET = 17.0;
				MARKETING_VERSION = 0.4.0;
				PRODUCT_BUNDLE_IDENTIFIER = com.guill.PhotoGratitudeJournal;
				PRODUCT_NAME = "$(TARGET_NAME)";
				SUPPORTED_PLATFORMS = "iphoneos iphonesimulator";
				SUPPORTS_MACCATALYST = NO;
				SWIFT_VERSION = 5.0;
				TARGETED_DEVICE_FAMILY = 1;
			};
			name = Release;
		};
		A00C00000000000000000003 /* Debug */ = {
			isa = XCBuildConfiguration;
			buildSettings = {
				BUNDLE_LOADER = "$(TEST_HOST)";
				CODE_SIGN_STYLE = Automatic;
				DEVELOPMENT_TEAM = "";
				GENERATE_INFOPLIST_FILE = YES;
				IPHONEOS_DEPLOYMENT_TARGET = 17.0;
				PRODUCT_BUNDLE_IDENTIFIER = com.guill.PhotoGratitudeJournalTests;
				PRODUCT_NAME = "$(TARGET_NAME)";
				SUPPORTED_PLATFORMS = "iphoneos iphonesimulator";
				SWIFT_VERSION = 5.0;
				TARGETED_DEVICE_FAMILY = 1;
				TEST_HOST = "$(BUILT_PRODUCTS_DIR)/PhotoGratitudeJournal.app/$(BUNDLE_EXECUTABLE_FOLDER_PATH)/PhotoGratitudeJournal";
			};
			name = Debug;
		};
		A00C00000000000000000004 /* Release */ = {
			isa = XCBuildConfiguration;
			buildSettings = {
				BUNDLE_LOADER = "$(TEST_HOST)";
				CODE_SIGN_STYLE = Automatic;
				DEVELOPMENT_TEAM = "";
				GENERATE_INFOPLIST_FILE = YES;
				IPHONEOS_DEPLOYMENT_TARGET = 17.0;
				PRODUCT_BUNDLE_IDENTIFIER = com.guill.PhotoGratitudeJournalTests;
				PRODUCT_NAME = "$(TARGET_NAME)";
				SUPPORTED_PLATFORMS = "iphoneos iphonesimulator";
				SWIFT_VERSION = 5.0;
				TARGETED_DEVICE_FAMILY = 1;
				TEST_HOST = "$(BUILT_PRODUCTS_DIR)/PhotoGratitudeJournal.app/$(BUNDLE_EXECUTABLE_FOLDER_PATH)/PhotoGratitudeJournal";
			};
			name = Release;
		};
		A00C00000000000000000005 /* Debug */ = {
			isa = XCBuildConfiguration;
			buildSettings = {
				ALWAYS_SEARCH_USER_PATHS = NO;
				CLANG_ANALYZER_NONNULL = YES;
				CLANG_ANALYZER_NUMBER_OBJECT_CONVERSION = YES_AGGRESSIVE;
				CLANG_CXX_LANGUAGE_STANDARD = "gnu++20";
				CLANG_ENABLE_MODULES = YES;
				CLANG_ENABLE_OBJC_ARC = YES;
				CLANG_ENABLE_OBJC_WEAK = YES;
				CLANG_WARN_BLOCK_CAPTURE_AUTORELEASING = YES;
				CLANG_WARN_BOOL_CONVERSION = YES;
				CLANG_WARN_COMMA = YES;
				CLANG_WARN_CONSTANT_CONVERSION = YES;
				CLANG_WARN_DEPRECATED_OBJC_IMPLEMENTATIONS = YES;
				CLANG_WARN_DIRECT_OBJC_ISA_USAGE = YES_ERROR;
				CLANG_WARN_DOCUMENTATION_COMMENTS = YES;
				CLANG_WARN_EMPTY_BODY = YES;
				CLANG_WARN_ENUM_CONVERSION = YES;
				CLANG_WARN_INFINITE_RECURSION = YES;
				CLANG_WARN_INT_CONVERSION = YES;
				CLANG_WARN_NON_LITERAL_NULL_CONVERSION = YES;
				CLANG_WARN_OBJC_IMPLICIT_RETAIN_SELF = YES;
				CLANG_WARN_OBJC_LITERAL_CONVERSION = YES;
				CLANG_WARN_OBJC_ROOT_CLASS = YES_ERROR;
				CLANG_WARN_QUOTED_INCLUDE_IN_FRAMEWORK_HEADER = YES;
				CLANG_WARN_RANGE_LOOP_ANALYSIS = YES;
				CLANG_WARN_STRICT_PROTOTYPES = YES;
				CLANG_WARN_SUSPICIOUS_MOVE = YES;
				CLANG_WARN_UNGUARDED_AVAILABILITY = YES_AGGRESSIVE;
				CLANG_WARN_UNREACHABLE_CODE = YES;
				CLANG_WARN__DUPLICATE_METHOD_MATCH = YES;
				COPY_PHASE_STRIP = NO;
				DEBUG_INFORMATION_FORMAT = dwarf;
				ENABLE_STRICT_OBJC_MSGSEND = YES;
				ENABLE_TESTABILITY = YES;
				GCC_C_LANGUAGE_STANDARD = gnu17;
				GCC_DYNAMIC_NO_PIC = NO;
				GCC_NO_COMMON_BLOCKS = YES;
				GCC_OPTIMIZATION_LEVEL = 0;
				GCC_PREPROCESSOR_DEFINITIONS = (
					"DEBUG=1",
					"$(inherited)",
				);
				GCC_WARN_64_TO_32_BIT_CONVERSION = YES;
				GCC_WARN_ABOUT_RETURN_TYPE = YES_ERROR;
				GCC_WARN_UNDECLARED_SELECTOR = YES;
				GCC_WARN_UNINITIALIZED_AUTOS = YES_AGGRESSIVE;
				GCC_WARN_UNUSED_FUNCTION = YES;
				GCC_WARN_UNUSED_VARIABLE = YES;
				MTL_ENABLE_DEBUG_INFO = INCLUDE_SOURCE;
				MTL_FAST_MATH = YES;
				ONLY_ACTIVE_ARCH = YES;
				SDKROOT = iphoneos;
				SWIFT_ACTIVE_COMPILATION_CONDITIONS = DEBUG;
			};
			name = Debug;
		};
		A00C00000000000000000006 /* Release */ = {
			isa = XCBuildConfiguration;
			buildSettings = {
				ALWAYS_SEARCH_USER_PATHS = NO;
				CLANG_ANALYZER_NONNULL = YES;
				CLANG_ANALYZER_NUMBER_OBJECT_CONVERSION = YES_AGGRESSIVE;
				CLANG_CXX_LANGUAGE_STANDARD = "gnu++20";
				CLANG_ENABLE_MODULES = YES;
				CLANG_ENABLE_OBJC_ARC = YES;
				CLANG_ENABLE_OBJC_WEAK = YES;
				CLANG_WARN_BLOCK_CAPTURE_AUTORELEASING = YES;
				CLANG_WARN_BOOL_CONVERSION = YES;
				CLANG_WARN_COMMA = YES;
				CLANG_WARN_CONSTANT_CONVERSION = YES;
				CLANG_WARN_DEPRECATED_OBJC_IMPLEMENTATIONS = YES;
				CLANG_WARN_DIRECT_OBJC_ISA_USAGE = YES_ERROR;
				CLANG_WARN_DOCUMENTATION_COMMENTS = YES;
				CLANG_WARN_EMPTY_BODY = YES;
				CLANG_WARN_ENUM_CONVERSION = YES;
				CLANG_WARN_INFINITE_RECURSION = YES;
				CLANG_WARN_INT_CONVERSION = YES;
				CLANG_WARN_NON_LITERAL_NULL_CONVERSION = YES;
				CLANG_WARN_OBJC_IMPLICIT_RETAIN_SELF = YES;
				CLANG_WARN_OBJC_LITERAL_CONVERSION = YES;
				CLANG_WARN_OBJC_ROOT_CLASS = YES_ERROR;
				CLANG_WARN_QUOTED_INCLUDE_IN_FRAMEWORK_HEADER = YES;
				CLANG_WARN_RANGE_LOOP_ANALYSIS = YES;
				CLANG_WARN_STRICT_PROTOTYPES = YES;
				CLANG_WARN_SUSPICIOUS_MOVE = YES;
				CLANG_WARN_UNGUARDED_AVAILABILITY = YES_AGGRESSIVE;
				CLANG_WARN_UNREACHABLE_CODE = YES;
				CLANG_WARN__DUPLICATE_METHOD_MATCH = YES;
				COPY_PHASE_STRIP = NO;
				DEBUG_INFORMATION_FORMAT = "dwarf-with-dsym";
				ENABLE_NS_ASSERTIONS = NO;
				ENABLE_STRICT_OBJC_MSGSEND = YES;
				GCC_C_LANGUAGE_STANDARD = gnu17;
				GCC_NO_COMMON_BLOCKS = YES;
				GCC_WARN_64_TO_32_BIT_CONVERSION = YES;
				GCC_WARN_ABOUT_RETURN_TYPE = YES_ERROR;
				GCC_WARN_UNDECLARED_SELECTOR = YES;
				GCC_WARN_UNINITIALIZED_AUTOS = YES_AGGRESSIVE;
				GCC_WARN_UNUSED_FUNCTION = YES;
				GCC_WARN_UNUSED_VARIABLE = YES;
				MTL_ENABLE_DEBUG_INFO = NO;
				MTL_FAST_MATH = YES;
				SDKROOT = iphoneos;
				VALIDATE_PRODUCT = YES;
			};
			name = Release;
		};
/* End XCBuildConfiguration section */

/* Begin XCConfigurationList section */
		A00800000000000000000001 /* Build configuration list for PBXNativeTarget "PhotoGratitudeJournal" */ = {isa = XCConfigurationList; buildConfigurations = (A00C00000000000000000001 /* Debug */, A00C00000000000000000002 /* Release */); defaultConfigurationIsVisible = 0; defaultConfigurationName = Release; };
		A00800000000000000000002 /* Build configuration list for PBXNativeTarget "PhotoGratitudeJournalTests" */ = {isa = XCConfigurationList; buildConfigurations = (A00C00000000000000000003 /* Debug */, A00C00000000000000000004 /* Release */); defaultConfigurationIsVisible = 0; defaultConfigurationName = Release; };
		A00800000000000000000003 /* Build configuration list for PBXProject "PhotoGratitudeJournal" */ = {isa = XCConfigurationList; buildConfigurations = (A00C00000000000000000005 /* Debug */, A00C00000000000000000006 /* Release */); defaultConfigurationIsVisible = 0; defaultConfigurationName = Release; };
/* End XCConfigurationList section */
	};
	rootObject = A00400000000000000000001 /* Project object */;
}
